Microsoft Visual Studio Solution File, Format Version 11.00
# Visual Studio 2008

Project("{667DE5E8-ECF3-6DA2-2907-419819BC210B}") = "GridProject", "Assembly-CSharp.csproj", "{17E04CCB-DE17-7F0A-6B0D-964AC4569A1F}"
EndProject
Project("{667DE5E8-ECF3-6DA2-2907-419819BC210B}") = "GridProject", "Assembly-CSharp-Editor.csproj", "{1B529EA4-F71B-DAD9-B51C-1B38B435495C}"
EndProject
Global
	GlobalSection(SolutionConfigurationPlatforms) = preSolution
		Debug|Any CPU = Debug|Any CPU
		Release|Any CPU = Release|Any CPU
	EndGlobalSection
	GlobalSection(ProjectConfigurationPlatforms) = postSolution
		{17E04CCB-DE17-7F0A-6B0D-964AC4569A1F}.Debug|Any CPU.ActiveCfg = Debug|Any CPU
		{17E04CCB-DE17-7F0A-6B0D-964AC4569A1F}.Debug|Any CPU.Build.0 = Debug|Any CPU
		{17E04CCB-DE17-7F0A-6B0D-964AC4569A1F}.Release|Any CPU.ActiveCfg = Release|Any CPU
		{17E04CCB-DE17-7F0A-6B0D-964AC4569A1F}.Release|Any CPU.Build.0 = Release|Any CPU
		{1B529EA4-F71B-DAD9-B51C-1B38B435495C}.Debug|Any CPU.ActiveCfg = Debug|Any CPU
		{1B529EA4-F71B-DAD9-B51C-1B38B435495C}.Debug|Any CPU.Build.0 = Debug|Any CPU
		{1B529EA4-F71B-DAD9-B51C-1B38B435495C}.Release|Any CPU.ActiveCfg = Release|Any CPU
		{1B529EA4-F71B-DAD9-B51C-1B38B435495C}.Release|Any CPU.Build.0 = Release|Any CPU
	EndGlobalSection
	GlobalSection(SolutionProperties) = preSolution
		HideSolutionNode = FALSE
	EndGlobalSection
				GlobalSection(MonoDevelopProperties) = preSolution
		StartupItem = Assembly-CSharp.csproj
		Policies = $0
		$0.TextStylePolicy = $1
		$1.inheritsSet = null
		$1.scope = text/x-csharp
		$0.CSharpFormattingPolicy = $2
		$2.inheritsSet = Mono
		$2.inheritsScope = text/x-csharp
		$2.scope = text/x-csharp
		$0.TextStylePolicy = $3
		$3.FileWidth = 120
		$3.TabWidth = 4
		$3.IndentWidth = 4
		$3.EolMarker = Unix
		$3.inheritsSet = Mono
		$3.inheritsScope = text/plain
		$3.scope = text/plain
	EndGlobalSection

EndGlobal
